
Microsoft Visual Studio Solution File, Format Version 12.00
# Visual Studio Version 17
VisualStudioVersion = 17.8.34330.188
MinimumVisualStudioVersion = 10.0.40219.1
Project("{9A19103F-16F7-4668-BE54-9A1E7A4F7556}") = "RealEstateBlazor", "RealEstateBlazor\RealEstateBlazor.csproj", "{BFF2212B-89FE-4048-B8DE-8CE6CDC5CFC3}"
EndProject
Project("{9A19103F-16F7-4668-BE54-9A1E7A4F7556}") = "Domain", "Domain\Domain.csproj", "{4CA2CF5E-0D0D-4190-B5DB-FBF3E01B9AB2}"
EndProject
Project("{9A19103F-16F7-4668-BE54-9A1E7A4F7556}") = "Application", "Application\Application.csproj", "{557AAFB8-2514-4FAB-86D4-8B92048F742F}"
EndProject
Project("{9A19103F-16F7-4668-BE54-9A1E7A4F7556}") = "Infrastructure", "Infrastructure\Infrastructure.csproj", "{3F9BD627-D4BD-4F14-BC19-9BDD1E887DE8}"
EndProject
Global
	GlobalSection(SolutionConfigurationPlatforms) = preSolution
		Debug|Any CPU = Debug|Any CPU
		Release|Any CPU = Release|Any CPU
	EndGlobalSection
	GlobalSection(ProjectConfigurationPlatforms) = postSolution
		{BFF2212B-89FE-4048-B8DE-8CE6CDC5CFC3}.Debug|Any CPU.ActiveCfg = Debug|Any CPU
		{BFF2212B-89FE-4048-B8DE-8CE6CDC5CFC3}.Debug|Any CPU.Build.0 = Debug|Any CPU
		{BFF2212B-89FE-4048-B8DE-8CE6CDC5CFC3}.Release|Any CPU.ActiveCfg = Release|Any CPU
		{BFF2212B-89FE-4048-B8DE-8CE6CDC5CFC3}.Release|Any CPU.Build.0 = Release|Any CPU
		{4CA2CF5E-0D0D-4190-B5DB-FBF3E01B9AB2}.Debug|Any CPU.ActiveCfg = Debug|Any CPU
		{4CA2CF5E-0D0D-4190-B5DB-FBF3E01B9AB2}.Debug|Any CPU.Build.0 = Debug|Any CPU
		{4CA2CF5E-0D0D-4190-B5DB-FBF3E01B9AB2}.Release|Any CPU.ActiveCfg = Release|Any CPU
		{4CA2CF5E-0D0D-4190-B5DB-FBF3E01B9AB2}.Release|Any CPU.Build.0 = Release|Any CPU
		{557AAFB8-2514-4FAB-86D4-8B92048F742F}.Debug|Any CPU.ActiveCfg = Debug|Any CPU
		{557AAFB8-2514-4FAB-86D4-8B92048F742F}.Debug|Any CPU.Build.0 = Debug|Any CPU
		{557AAFB8-2514-4FAB-86D4-8B92048F742F}.Release|Any CPU.ActiveCfg = Release|Any CPU
		{557AAFB8-2514-4FAB-86D4-8B92048F742F}.Release|Any CPU.Build.0 = Release|Any CPU
		{3F9BD627-D4BD-4F14-BC19-9BDD1E887DE8}.Debug|Any CPU.ActiveCfg = Debug|Any CPU
		{3F9BD627-D4BD-4F14-BC19-9BDD1E887DE8}.Debug|Any CPU.Build.0 = Debug|Any CPU
		{3F9BD627-D4BD-4F14-BC19-9BDD1E887DE8}.Release|Any CPU.ActiveCfg = Release|Any CPU
		{3F9BD627-D4BD-4F14-BC19-9BDD1E887DE8}.Release|Any CPU.Build.0 = Release|Any CPU
	EndGlobalSection
	GlobalSection(SolutionProperties) = preSolution
		HideSolutionNode = FALSE
	EndGlobalSection
	GlobalSection(ExtensibilityGlobals) = postSolution
		SolutionGuid = {FD88200A-FF01-4207-A655-4BD8FA3D99AE}
	EndGlobalSection
EndGlobal
